{
  "name": "sshmud",
  "lockfileVersion": 2,
  "requires": true,
  "packages": {
    "": {
      "name": "sshmud",
      "dependencies": {
        "neo-blessed": "^0.2.0",
        "ssh2": "^1.5.0",
        "telnetlib": "^1.0.1"
      },
      "devDependencies": {
        "@types/blessed": "^0.1.19",
        "@types/node": "^17.0.8",
        "@types/ssh2": "^0.5.50",
        "@types/telnetlib": "^1.0.0",
        "typescript": "^4.5.4"
      }
    },
    "node_modules/@types/blessed": {
      "version": "0.1.19",
      "resolved": "https://registry.npmjs.org/@types/blessed/-/blessed-0.1.19.tgz",
      "integrity": "sha512-r4qnseYWBsi/kxo5AAlCS22EnTXFbGpnvuXUubJikVeRnYB3e5HwV3NtcwJ0Sk5KOGaLvo9Rtwb8hzxfbqbQPg==",
      "dev": true,
      "dependencies": {
        "@types/node": "*"
      }
    },
    "node_modules/@types/node": {
      "version": "17.0.8",
      "resolved": "https://registry.npmjs.org/@types/node/-/node-17.0.8.tgz",
      "integrity": "sha512-YofkM6fGv4gDJq78g4j0mMuGMkZVxZDgtU0JRdx6FgiJDG+0fY0GKVolOV8WqVmEhLCXkQRjwDdKyPxJp/uucg==",
      "dev": true
    },
    "node_modules/@types/ssh2": {
      "version": "0.5.50",
      "resolved": "https://registry.npmjs.org/@types/ssh2/-/ssh2-0.5.50.tgz",
      "integrity": "sha512-Eu/rzX4L+GhWIKEFQbaeWKECdy8VRdIYOqjMlFp+v4v7tBhvcl30m34BZzVALn/dNXvcB6dmcMtspIW7iPOlPg==",
      "dev": true,
      "dependencies": {
        "@types/node": "*",
        "@types/ssh2-streams": "*"
      }
    },
    "node_modules/@types/ssh2-streams": {
      "version": "0.1.9",
      "resolved": "https://registry.npmjs.org/@types/ssh2-streams/-/ssh2-streams-0.1.9.tgz",
      "integrity": "sha512-I2J9jKqfmvXLR5GomDiCoHrEJ58hAOmFrekfFqmCFd+A6gaEStvWnPykoWUwld1PNg4G5ag1LwdA+Lz1doRJqg==",
      "dev": true,
      "dependencies": {
        "@types/node": "*"
      }
    },
    "node_modules/@types/telnetlib": {
      "version": "1.0.0",
      "resolved": "https://registry.npmjs.org/@types/telnetlib/-/telnetlib-1.0.0.tgz",
      "integrity": "sha512-i7orRzaECpiK6YXKdkMTwrygFrW4SFeQStg26XEwzZpYMOr+TzJ+g+I+dewxsExXbl3R83ZsZF/7sQQC9j0TWA==",
      "dev": true
    },
    "node_modules/asn1": {
      "version": "0.2.6",
      "resolved": "https://registry.npmjs.org/asn1/-/asn1-0.2.6.tgz",
      "integrity": "sha512-ix/FxPn0MDjeyJ7i/yoHGFt/EX6LyNbxSEhPPXODPL+KB0VPk86UYfL0lMdy+KCnv+fmvIzySwaK5COwqVbWTQ==",
      "dependencies": {
        "safer-buffer": "~2.1.0"
      }
    },
    "node_modules/bcrypt-pbkdf": {
      "version": "1.0.2",
      "resolved": "https://registry.npmjs.org/bcrypt-pbkdf/-/bcrypt-pbkdf-1.0.2.tgz",
      "integrity": "sha1-pDAdOJtqQ/m2f/PKEaP2Y342Dp4=",
      "dependencies": {
        "tweetnacl": "^0.14.3"
      }
    },
    "node_modules/cpu-features": {
      "version": "0.0.2",
      "resolved": "https://registry.npmjs.org/cpu-features/-/cpu-features-0.0.2.tgz",
      "integrity": "sha512-/2yieBqvMcRj8McNzkycjW2v3OIUOibBfd2dLEJ0nWts8NobAxwiyw9phVNS6oDL8x8tz9F7uNVFEVpJncQpeA==",
      "hasInstallScript": true,
      "optional": true,
      "dependencies": {
        "nan": "^2.14.1"
      },
      "engines": {
        "node": ">=8.0.0"
      }
    },
    "node_modules/nan": {
      "version": "2.15.0",
      "resolved": "https://registry.npmjs.org/nan/-/nan-2.15.0.tgz",
      "integrity": "sha512-8ZtvEnA2c5aYCZYd1cvgdnU6cqwixRoYg70xPLWUws5ORTa/lnw+u4amixRS/Ac5U5mQVgp9pnlSUnbNWFaWZQ==",
      "optional": true
    },
    "node_modules/neo-blessed": {
      "version": "0.2.0",
      "resolved": "https://registry.npmjs.org/neo-blessed/-/neo-blessed-0.2.0.tgz",
      "integrity": "sha512-C2kC4K+G2QnNQFXUIxTQvqmrdSIzGTX1ZRKeDW6ChmvPRw8rTkTEJzbEQHiHy06d36PCl/yMOCjquCRV8SpSQw==",
      "bin": {
        "neo-blessed": "bin/tput.js"
      },
      "engines": {
        "node": ">= 8.0.0"
      }
    },
    "node_modules/safer-buffer": {
      "version": "2.1.2",
      "resolved": "https://registry.npmjs.org/safer-buffer/-/safer-buffer-2.1.2.tgz",
      "integrity": "sha512-YZo3K82SD7Riyi0E1EQPojLz7kpepnSQI9IyPbHHg1XXXevb5dJI7tpyN2ADxGcQbHG7vcyRHk0cbwqcQriUtg=="
    },
    "node_modules/ssh2": {
      "version": "1.5.0",
      "resolved": "https://registry.npmjs.org/ssh2/-/ssh2-1.5.0.tgz",
      "integrity": "sha512-iUmRkhH9KGeszQwDW7YyyqjsMTf4z+0o48Cp4xOwlY5LjtbIAvyd3fwnsoUZW/hXmTCRA3yt7S/Jb9uVjErVlA==",
      "hasInstallScript": true,
      "dependencies": {
        "asn1": "^0.2.4",
        "bcrypt-pbkdf": "^1.0.2"
      },
      "engines": {
        "node": ">=10.16.0"
      },
      "optionalDependencies": {
        "cpu-features": "0.0.2",
        "nan": "^2.15.0"
      }
    },
    "node_modules/telnetlib": {
      "version": "1.0.1",
      "resolved": "https://registry.npmjs.org/telnetlib/-/telnetlib-1.0.1.tgz",
      "integrity": "sha512-xTjdk2xk7Vo2uQR9e40Zn7ELD68rhyRw7S3wmtPrc2bXTSbKFnYEN6k9mevt/i5ItQxm5reuRncl7gZogl7XIw=="
    },
    "node_modules/tweetnacl": {
      "version": "0.14.5",
      "resolved": "https://registry.npmjs.org/tweetnacl/-/tweetnacl-0.14.5.tgz",
      "integrity": "sha1-WuaBd/GS1EViadEIr6k/+HQ/T2Q="
    },
    "node_modules/typescript": {
      "version": "4.5.4",
      "resolved": "https://registry.npmjs.org/typescript/-/typescript-4.5.4.tgz",
      "integrity": "sha512-VgYs2A2QIRuGphtzFV7aQJduJ2gyfTljngLzjpfW9FoYZF6xuw1W0vW9ghCKLfcWrCFxK81CSGRAvS1pn4fIUg==",
      "dev": true,
      "bin": {
        "tsc": "bin/tsc",
        "tsserver": "bin/tsserver"
      },
      "engines": {
        "node": ">=4.2.0"
      }
    }
  },
  "dependencies": {
    "@types/blessed": {
      "version": "0.1.19",
      "resolved": "https://registry.npmjs.org/@types/blessed/-/blessed-0.1.19.tgz",
      "integrity": "sha512-r4qnseYWBsi/kxo5AAlCS22EnTXFbGpnvuXUubJikVeRnYB3e5HwV3NtcwJ0Sk5KOGaLvo9Rtwb8hzxfbqbQPg==",
      "dev": true,
      "requires": {
        "@types/node": "*"
      }
    },
    "@types/node": {
      "version": "17.0.8",
      "resolved": "https://registry.npmjs.org/@types/node/-/node-17.0.8.tgz",
      "integrity": "sha512-YofkM6fGv4gDJq78g4j0mMuGMkZVxZDgtU0JRdx6FgiJDG+0fY0GKVolOV8WqVmEhLCXkQRjwDdKyPxJp/uucg==",
      "dev": true
    },
    "@types/ssh2": {
      "version": "0.5.50",
      "resolved": "https://registry.npmjs.org/@types/ssh2/-/ssh2-0.5.50.tgz",
      "integrity": "sha512-Eu/rzX4L+GhWIKEFQbaeWKECdy8VRdIYOqjMlFp+v4v7tBhvcl30m34BZzVALn/dNXvcB6dmcMtspIW7iPOlPg==",
      "dev": true,
      "requires": {
        "@types/node": "*",
        "@types/ssh2-streams": "*"
      }
    },
    "@types/ssh2-streams": {
      "version": "0.1.9",
      "resolved": "https://registry.npmjs.org/@types/ssh2-streams/-/ssh2-streams-0.1.9.tgz",
      "integrity": "sha512-I2J9jKqfmvXLR5GomDiCoHrEJ58hAOmFrekfFqmCFd+A6gaEStvWnPykoWUwld1PNg4G5ag1LwdA+Lz1doRJqg==",
      "dev": true,
      "requires": {
        "@types/node": "*"
      }
    },
    "@types/telnetlib": {
      "version": "1.0.0",
      "resolved": "https://registry.npmjs.org/@types/telnetlib/-/telnetlib-1.0.0.tgz",
      "integrity": "sha512-i7orRzaECpiK6YXKdkMTwrygFrW4SFeQStg26XEwzZpYMOr+TzJ+g+I+dewxsExXbl3R83ZsZF/7sQQC9j0TWA==",
      "dev": true
    },
    "asn1": {
      "version": "0.2.6",
      "resolved": "https://registry.npmjs.org/asn1/-/asn1-0.2.6.tgz",
      "integrity": "sha512-ix/FxPn0MDjeyJ7i/yoHGFt/EX6LyNbxSEhPPXODPL+KB0VPk86UYfL0lMdy+KCnv+fmvIzySwaK5COwqVbWTQ==",
      "requires": {
        "safer-buffer": "~2.1.0"
      }
    },
    "bcrypt-pbkdf": {
      "version": "1.0.2",
      "resolved": "https://registry.npmjs.org/bcrypt-pbkdf/-/bcrypt-pbkdf-1.0.2.tgz",
      "integrity": "sha1-pDAdOJtqQ/m2f/PKEaP2Y342Dp4=",
      "requires": {
        "tweetnacl": "^0.14.3"
      }
    },
    "cpu-features": {
      "version": "0.0.2",
      "resolved": "https://registry.npmjs.org/cpu-features/-/cpu-features-0.0.2.tgz",
      "integrity": "sha512-/2yieBqvMcRj8McNzkycjW2v3OIUOibBfd2dLEJ0nWts8NobAxwiyw9phVNS6oDL8x8tz9F7uNVFEVpJncQpeA==",
      "optional": true,
      "requires": {
        "nan": "^2.14.1"
      }
    },
    "nan": {
      "version": "2.15.0",
      "resolved": "https://registry.npmjs.org/nan/-/nan-2.15.0.tgz",
      "integrity": "sha512-8ZtvEnA2c5aYCZYd1cvgdnU6cqwixRoYg70xPLWUws5ORTa/lnw+u4amixRS/Ac5U5mQVgp9pnlSUnbNWFaWZQ==",
      "optional": true
    },
    "neo-blessed": {
      "version": "0.2.0",
      "resolved": "https://registry.npmjs.org/neo-blessed/-/neo-blessed-0.2.0.tgz",
      "integrity": "sha512-C2kC4K+G2QnNQFXUIxTQvqmrdSIzGTX1ZRKeDW6ChmvPRw8rTkTEJzbEQHiHy06d36PCl/yMOCjquCRV8SpSQw=="
    },
    "safer-buffer": {
      "version": "2.1.2",
      "resolved": "https://registry.npmjs.org/safer-buffer/-/safer-buffer-2.1.2.tgz",
      "integrity": "sha512-YZo3K82SD7Riyi0E1EQPojLz7kpepnSQI9IyPbHHg1XXXevb5dJI7tpyN2ADxGcQbHG7vcyRHk0cbwqcQriUtg=="
    },
    "ssh2": {
      "version": "1.5.0",
      "resolved": "https://registry.npmjs.org/ssh2/-/ssh2-1.5.0.tgz",
      "integrity": "sha512-iUmRkhH9KGeszQwDW7YyyqjsMTf4z+0o48Cp4xOwlY5LjtbIAvyd3fwnsoUZW/hXmTCRA3yt7S/Jb9uVjErVlA==",
      "requires": {
        "asn1": "^0.2.4",
        "bcrypt-pbkdf": "^1.0.2",
        "cpu-features": "0.0.2",
        "nan": "^2.15.0"
      }
    },
    "telnetlib": {
      "version": "1.0.1",
      "resolved": "https://registry.npmjs.org/telnetlib/-/telnetlib-1.0.1.tgz",
      "integrity": "sha512-xTjdk2xk7Vo2uQR9e40Zn7ELD68rhyRw7S3wmtPrc2bXTSbKFnYEN6k9mevt/i5ItQxm5reuRncl7gZogl7XIw=="
    },
    "tweetnacl": {
      "version": "0.14.5",
      "resolved": "https://registry.npmjs.org/tweetnacl/-/tweetnacl-0.14.5.tgz",
      "integrity": "sha1-WuaBd/GS1EViadEIr6k/+HQ/T2Q="
    },
    "typescript": {
      "version": "4.5.4",
      "resolved": "https://registry.npmjs.org/typescript/-/typescript-4.5.4.tgz",
      "integrity": "sha512-VgYs2A2QIRuGphtzFV7aQJduJ2gyfTljngLzjpfW9FoYZF6xuw1W0vW9ghCKLfcWrCFxK81CSGRAvS1pn4fIUg==",
      "dev": true
    }
  }
}
